
Microsoft Visual Studio Solution File, Format Version 12.00
# Visual Studio 2017
Project("{FAE04EC0-301F-11D3-BF4B-00C04F79EFBC}") = "BicycleVR", "BicycleVR.csproj", "{0498401A-CBB9-07D3-30B6-C8CACB6E04E4}"
EndProject
Project("{FAE04EC0-301F-11D3-BF4B-00C04F79EFBC}") = "BicycleVR.Editor", "BicycleVR.Editor.csproj", "{D3D25450-3FBD-47D6-96F0-ECCC70534EAA}"
EndProject
Global
	GlobalSection(SolutionConfigurationPlatforms) = preSolution
		Debug|Any CPU = Debug|Any CPU
		Release|Any CPU = Release|Any CPU
	EndGlobalSection
	GlobalSection(ProjectConfigurationPlatforms) = postSolution
		{0498401A-CBB9-07D3-30B6-C8CACB6E04E4}.Debug|Any CPU.ActiveCfg = Debug|Any CPU
		{0498401A-CBB9-07D3-30B6-C8CACB6E04E4}.Debug|Any CPU.Build.0 = Debug|Any CPU
		{0498401A-CBB9-07D3-30B6-C8CACB6E04E4}.Release|Any CPU.ActiveCfg = Release|Any CPU
		{0498401A-CBB9-07D3-30B6-C8CACB6E04E4}.Release|Any CPU.Build.0 = Release|Any CPU
		{D3D25450-3FBD-47D6-96F0-ECCC70534EAA}.Debug|Any CPU.ActiveCfg = Debug|Any CPU
		{D3D25450-3FBD-47D6-96F0-ECCC70534EAA}.Debug|Any CPU.Build.0 = Debug|Any CPU
		{D3D25450-3FBD-47D6-96F0-ECCC70534EAA}.Release|Any CPU.ActiveCfg = Release|Any CPU
		{D3D25450-3FBD-47D6-96F0-ECCC70534EAA}.Release|Any CPU.Build.0 = Release|Any CPU
	EndGlobalSection
	GlobalSection(SolutionProperties) = preSolution
		HideSolutionNode = FALSE
	EndGlobalSection
EndGlobal
